
Microsoft Visual Studio Solution File, Format Version 12.00
# Visual Studio 2012
Project("{FAE04EC0-301F-11D3-BF4B-00C04F79EFBC}") = "AlohaKumu", "TestApp\AlohaKumu.csproj", "{829216DB-7479-4D8C-A66A-0CAA3ACAFC17}"
EndProject
Project("{FAE04EC0-301F-11D3-BF4B-00C04F79EFBC}") = "AlohaKumu.Tests", "TestApp.Tests\AlohaKumu.Tests.csproj", "{47F41BC0-F4D8-4958-A925-95B107556F19}"
EndProject
Global
	GlobalSection(SolutionConfigurationPlatforms) = preSolution
		Debug|Any CPU = Debug|Any CPU
		Release|Any CPU = Release|Any CPU
	EndGlobalSection
	GlobalSection(ProjectConfigurationPlatforms) = postSolution
		{829216DB-7479-4D8C-A66A-0CAA3ACAFC17}.Debug|Any CPU.ActiveCfg = Debug|Any CPU
		{829216DB-7479-4D8C-A66A-0CAA3ACAFC17}.Debug|Any CPU.Build.0 = Debug|Any CPU
		{829216DB-7479-4D8C-A66A-0CAA3ACAFC17}.Release|Any CPU.ActiveCfg = Release|Any CPU
		{829216DB-7479-4D8C-A66A-0CAA3ACAFC17}.Release|Any CPU.Build.0 = Release|Any CPU
		{47F41BC0-F4D8-4958-A925-95B107556F19}.Debug|Any CPU.ActiveCfg = Debug|Any CPU
		{47F41BC0-F4D8-4958-A925-95B107556F19}.Debug|Any CPU.Build.0 = Debug|Any CPU
		{47F41BC0-F4D8-4958-A925-95B107556F19}.Release|Any CPU.ActiveCfg = Release|Any CPU
		{47F41BC0-F4D8-4958-A925-95B107556F19}.Release|Any CPU.Build.0 = Release|Any CPU
	EndGlobalSection
	GlobalSection(SolutionProperties) = preSolution
		HideSolutionNode = FALSE
	EndGlobalSection
EndGlobal
